
Microsoft Visual Studio Solution File, Format Version 12.00
# Visual Studio Version 16
VisualStudioVersion = 16.0.31229.75
MinimumVisualStudioVersion = 10.0.40219.1
Project("{FAE04EC0-301F-11D3-BF4B-00C04F79EFBC}") = "CrudMobileApp.Android", "CrudMobileApp\CrudMobileApp.Android\CrudMobileApp.Android.csproj", "{D79F1A2B-9B4D-4DA3-BB37-C55EA1C252AB}"
EndProject
Project("{FAE04EC0-301F-11D3-BF4B-00C04F79EFBC}") = "CrudMobileApp.iOS", "CrudMobileApp\CrudMobileApp.iOS\CrudMobileApp.iOS.csproj", "{6640D33B-E687-4860-ACB3-808DDF65488E}"
EndProject
Project("{9A19103F-16F7-4668-BE54-9A1E7A4F7556}") = "CrudMobileApp", "CrudMobileApp\CrudMobileApp\CrudMobileApp.csproj", "{DE2F69B0-4B34-4DB4-9BC4-557A640BC600}"
EndProject
Project("{FAE04EC0-301F-11D3-BF4B-00C04F79EFBC}") = "CrudMobileApp.Domain", "CrudMobileApp.Domain\CrudMobileApp.Domain.csproj", "{9428239A-945C-43F9-AF15-921F72916192}"
EndProject
Project("{FAE04EC0-301F-11D3-BF4B-00C04F79EFBC}") = "CrudMobileApp.Infrastructure", "CrudMobileApp.Infrastructure\CrudMobileApp.Infrastructure.csproj", "{F7DC10E3-2B88-4DE3-83EF-E94AC79D918C}"
EndProject
Global
	GlobalSection(SolutionConfigurationPlatforms) = preSolution
		Debug|Any CPU = Debug|Any CPU
		Debug|iPhone = Debug|iPhone
		Debug|iPhoneSimulator = Debug|iPhoneSimulator
		Release|Any CPU = Release|Any CPU
		Release|iPhone = Release|iPhone
		Release|iPhoneSimulator = Release|iPhoneSimulator
	EndGlobalSection
	GlobalSection(ProjectConfigurationPlatforms) = postSolution
		{D79F1A2B-9B4D-4DA3-BB37-C55EA1C252AB}.Debug|Any CPU.ActiveCfg = Debug|Any CPU
		{D79F1A2B-9B4D-4DA3-BB37-C55EA1C252AB}.Debug|Any CPU.Build.0 = Debug|Any CPU
		{D79F1A2B-9B4D-4DA3-BB37-C55EA1C252AB}.Debug|Any CPU.Deploy.0 = Debug|Any CPU
		{D79F1A2B-9B4D-4DA3-BB37-C55EA1C252AB}.Debug|iPhone.ActiveCfg = Debug|Any CPU
		{D79F1A2B-9B4D-4DA3-BB37-C55EA1C252AB}.Debug|iPhone.Build.0 = Debug|Any CPU
		{D79F1A2B-9B4D-4DA3-BB37-C55EA1C252AB}.Debug|iPhone.Deploy.0 = Debug|Any CPU
		{D79F1A2B-9B4D-4DA3-BB37-C55EA1C252AB}.Debug|iPhoneSimulator.ActiveCfg = Debug|Any CPU
		{D79F1A2B-9B4D-4DA3-BB37-C55EA1C252AB}.Debug|iPhoneSimulator.Build.0 = Debug|Any CPU
		{D79F1A2B-9B4D-4DA3-BB37-C55EA1C252AB}.Debug|iPhoneSimulator.Deploy.0 = Debug|Any CPU
		{D79F1A2B-9B4D-4DA3-BB37-C55EA1C252AB}.Release|Any CPU.ActiveCfg = Release|Any CPU
		{D79F1A2B-9B4D-4DA3-BB37-C55EA1C252AB}.Release|Any CPU.Build.0 = Release|Any CPU
		{D79F1A2B-9B4D-4DA3-BB37-C55EA1C252AB}.Release|Any CPU.Deploy.0 = Release|Any CPU
		{D79F1A2B-9B4D-4DA3-BB37-C55EA1C252AB}.Release|iPhone.ActiveCfg = Release|Any CPU
		{D79F1A2B-9B4D-4DA3-BB37-C55EA1C252AB}.Release|iPhone.Build.0 = Release|Any CPU
		{D79F1A2B-9B4D-4DA3-BB37-C55EA1C252AB}.Release|iPhone.Deploy.0 = Release|Any CPU
		{D79F1A2B-9B4D-4DA3-BB37-C55EA1C252AB}.Release|iPhoneSimulator.ActiveCfg = Release|Any CPU
		{D79F1A2B-9B4D-4DA3-BB37-C55EA1C252AB}.Release|iPhoneSimulator.Build.0 = Release|Any CPU
		{D79F1A2B-9B4D-4DA3-BB37-C55EA1C252AB}.Release|iPhoneSimulator.Deploy.0 = Release|Any CPU
		{6640D33B-E687-4860-ACB3-808DDF65488E}.Debug|Any CPU.ActiveCfg = Debug|iPhone
		{6640D33B-E687-4860-ACB3-808DDF65488E}.Debug|Any CPU.Build.0 = Debug|iPhone
		{6640D33B-E687-4860-ACB3-808DDF65488E}.Debug|Any CPU.Deploy.0 = Debug|iPhone
		{6640D33B-E687-4860-ACB3-808DDF65488E}.Debug|iPhone.ActiveCfg = Debug|iPhone
		{6640D33B-E687-4860-ACB3-808DDF65488E}.Debug|iPhone.Build.0 = Debug|iPhone
		{6640D33B-E687-4860-ACB3-808DDF65488E}.Debug|iPhone.Deploy.0 = Debug|iPhone
		{6640D33B-E687-4860-ACB3-808DDF65488E}.Debug|iPhoneSimulator.ActiveCfg = Debug|iPhoneSimulator
		{6640D33B-E687-4860-ACB3-808DDF65488E}.Debug|iPhoneSimulator.Build.0 = Debug|iPhoneSimulator
		{6640D33B-E687-4860-ACB3-808DDF65488E}.Debug|iPhoneSimulator.Deploy.0 = Debug|iPhoneSimulator
		{6640D33B-E687-4860-ACB3-808DDF65488E}.Release|Any CPU.ActiveCfg = Release|iPhoneSimulator
		{6640D33B-E687-4860-ACB3-808DDF65488E}.Release|Any CPU.Build.0 = Release|iPhoneSimulator
		{6640D33B-E687-4860-ACB3-808DDF65488E}.Release|Any CPU.Deploy.0 = Release|iPhoneSimulator
		{6640D33B-E687-4860-ACB3-808DDF65488E}.Release|iPhone.ActiveCfg = Release|iPhone
		{6640D33B-E687-4860-ACB3-808DDF65488E}.Release|iPhone.Build.0 = Release|iPhone
		{6640D33B-E687-4860-ACB3-808DDF65488E}.Release|iPhone.Deploy.0 = Release|iPhone
		{6640D33B-E687-4860-ACB3-808DDF65488E}.Release|iPhoneSimulator.ActiveCfg = Release|iPhoneSimulator
		{6640D33B-E687-4860-ACB3-808DDF65488E}.Release|iPhoneSimulator.Build.0 = Release|iPhoneSimulator
		{6640D33B-E687-4860-ACB3-808DDF65488E}.Release|iPhoneSimulator.Deploy.0 = Release|iPhoneSimulator
		{DE2F69B0-4B34-4DB4-9BC4-557A640BC600}.Debug|Any CPU.ActiveCfg = Debug|Any CPU
		{DE2F69B0-4B34-4DB4-9BC4-557A640BC600}.Debug|Any CPU.Build.0 = Debug|Any CPU
		{DE2F69B0-4B34-4DB4-9BC4-557A640BC600}.Debug|Any CPU.Deploy.0 = Debug|Any CPU
		{DE2F69B0-4B34-4DB4-9BC4-557A640BC600}.Debug|iPhone.ActiveCfg = Debug|Any CPU
		{DE2F69B0-4B34-4DB4-9BC4-557A640BC600}.Debug|iPhone.Build.0 = Debug|Any CPU
		{DE2F69B0-4B34-4DB4-9BC4-557A640BC600}.Debug|iPhone.Deploy.0 = Debug|Any CPU
		{DE2F69B0-4B34-4DB4-9BC4-557A640BC600}.Debug|iPhoneSimulator.ActiveCfg = Debug|Any CPU
		{DE2F69B0-4B34-4DB4-9BC4-557A640BC600}.Debug|iPhoneSimulator.Build.0 = Debug|Any CPU
		{DE2F69B0-4B34-4DB4-9BC4-557A640BC600}.Debug|iPhoneSimulator.Deploy.0 = Debug|Any CPU
		{DE2F69B0-4B34-4DB4-9BC4-557A640BC600}.Release|Any CPU.ActiveCfg = Release|Any CPU
		{DE2F69B0-4B34-4DB4-9BC4-557A640BC600}.Release|Any CPU.Build.0 = Release|Any CPU
		{DE2F69B0-4B34-4DB4-9BC4-557A640BC600}.Release|Any CPU.Deploy.0 = Release|Any CPU
		{DE2F69B0-4B34-4DB4-9BC4-557A640BC600}.Release|iPhone.ActiveCfg = Release|Any CPU
		{DE2F69B0-4B34-4DB4-9BC4-557A640BC600}.Release|iPhone.Build.0 = Release|Any CPU
		{DE2F69B0-4B34-4DB4-9BC4-557A640BC600}.Release|iPhone.Deploy.0 = Release|Any CPU
		{DE2F69B0-4B34-4DB4-9BC4-557A640BC600}.Release|iPhoneSimulator.ActiveCfg = Release|Any CPU
		{DE2F69B0-4B34-4DB4-9BC4-557A640BC600}.Release|iPhoneSimulator.Build.0 = Release|Any CPU
		{DE2F69B0-4B34-4DB4-9BC4-557A640BC600}.Release|iPhoneSimulator.Deploy.0 = Release|Any CPU
		{9428239A-945C-43F9-AF15-921F72916192}.Debug|Any CPU.ActiveCfg = Debug|Any CPU
		{9428239A-945C-43F9-AF15-921F72916192}.Debug|Any CPU.Build.0 = Debug|Any CPU
		{9428239A-945C-43F9-AF15-921F72916192}.Debug|iPhone.ActiveCfg = Debug|Any CPU
		{9428239A-945C-43F9-AF15-921F72916192}.Debug|iPhone.Build.0 = Debug|Any CPU
		{9428239A-945C-43F9-AF15-921F72916192}.Debug|iPhoneSimulator.ActiveCfg = Debug|Any CPU
		{9428239A-945C-43F9-AF15-921F72916192}.Debug|iPhoneSimulator.Build.0 = Debug|Any CPU
		{9428239A-945C-43F9-AF15-921F72916192}.Release|Any CPU.ActiveCfg = Release|Any CPU
		{9428239A-945C-43F9-AF15-921F72916192}.Release|Any CPU.Build.0 = Release|Any CPU
		{9428239A-945C-43F9-AF15-921F72916192}.Release|iPhone.ActiveCfg = Release|Any CPU
		{9428239A-945C-43F9-AF15-921F72916192}.Release|iPhone.Build.0 = Release|Any CPU
		{9428239A-945C-43F9-AF15-921F72916192}.Release|iPhoneSimulator.ActiveCfg = Release|Any CPU
		{9428239A-945C-43F9-AF15-921F72916192}.Release|iPhoneSimulator.Build.0 = Release|Any CPU
		{F7DC10E3-2B88-4DE3-83EF-E94AC79D918C}.Debug|Any CPU.ActiveCfg = Debug|Any CPU
		{F7DC10E3-2B88-4DE3-83EF-E94AC79D918C}.Debug|Any CPU.Build.0 = Debug|Any CPU
		{F7DC10E3-2B88-4DE3-83EF-E94AC79D918C}.Debug|iPhone.ActiveCfg = Debug|Any CPU
		{F7DC10E3-2B88-4DE3-83EF-E94AC79D918C}.Debug|iPhone.Build.0 = Debug|Any CPU
		{F7DC10E3-2B88-4DE3-83EF-E94AC79D918C}.Debug|iPhoneSimulator.ActiveCfg = Debug|Any CPU
		{F7DC10E3-2B88-4DE3-83EF-E94AC79D918C}.Debug|iPhoneSimulator.Build.0 = Debug|Any CPU
		{F7DC10E3-2B88-4DE3-83EF-E94AC79D918C}.Release|Any CPU.ActiveCfg = Release|Any CPU
		{F7DC10E3-2B88-4DE3-83EF-E94AC79D918C}.Release|Any CPU.Build.0 = Release|Any CPU
		{F7DC10E3-2B88-4DE3-83EF-E94AC79D918C}.Release|iPhone.ActiveCfg = Release|Any CPU
		{F7DC10E3-2B88-4DE3-83EF-E94AC79D918C}.Release|iPhone.Build.0 = Release|Any CPU
		{F7DC10E3-2B88-4DE3-83EF-E94AC79D918C}.Release|iPhoneSimulator.ActiveCfg = Release|Any CPU
		{F7DC10E3-2B88-4DE3-83EF-E94AC79D918C}.Release|iPhoneSimulator.Build.0 = Release|Any CPU
	EndGlobalSection
	GlobalSection(SolutionProperties) = preSolution
		HideSolutionNode = FALSE
	EndGlobalSection
	GlobalSection(ExtensibilityGlobals) = postSolution
		SolutionGuid = {10A2BEFD-D8CE-4271-A271-0A3BB8E434C2}
	EndGlobalSection
EndGlobal
